
Microsoft Visual Studio Solution File, Format Version 12.00
# Visual Studio Version 16
VisualStudioVersion = 16.0.29613.14
MinimumVisualStudioVersion = 10.0.40219.1
Project("{FAE04EC0-301F-11D3-BF4B-00C04F79EFBC}") = "ASPNetCoreIdentity", "ASPNetCoreIdentity\ASPNetCoreIdentity.csproj", "{A3077312-03F4-4E83-9817-522E2FCCF2EE}"
EndProject
Global
	GlobalSection(SolutionConfigurationPlatforms) = preSolution
		Debug|Any CPU = Debug|Any CPU
		Release|Any CPU = Release|Any CPU
	EndGlobalSection
	GlobalSection(ProjectConfigurationPlatforms) = postSolution
		{A3077312-03F4-4E83-9817-522E2FCCF2EE}.Debug|Any CPU.ActiveCfg = Debug|Any CPU
		{A3077312-03F4-4E83-9817-522E2FCCF2EE}.Debug|Any CPU.Build.0 = Debug|Any CPU
		{A3077312-03F4-4E83-9817-522E2FCCF2EE}.Release|Any CPU.ActiveCfg = Release|Any CPU
		{A3077312-03F4-4E83-9817-522E2FCCF2EE}.Release|Any CPU.Build.0 = Release|Any CPU
	EndGlobalSection
	GlobalSection(SolutionProperties) = preSolution
		HideSolutionNode = FALSE
	EndGlobalSection
	GlobalSection(ExtensibilityGlobals) = postSolution
		SolutionGuid = {4200C634-CFC0-4BD0-AB4F-A0CB63776BBB}
	EndGlobalSection
EndGlobal
